// !$*UTF8*$!
{
	archiveVersion = 1;
	classes = {
	};
	objectVersion = 48;
	objects = {

/* Begin PBXBuildFile section */
		C0264E9F1F7C1AE600FD1E87 /* AppDelegate.swift in Sources */ = {isa = PBXBuildFile; fileRef = C0264E9E1F7C1AE600FD1E87 /* AppDelegate.swift */; };
		C0264EA11F7C1AE600FD1E87 /* ViewController.swift in Sources */ = {isa = PBXBuildFile; fileRef = C0264EA01F7C1AE600FD1E87 /* ViewController.swift */; };
		C0264EA41F7C1AE600FD1E87 /* Main.storyboard in Resources */ = {isa = PBXBuildFile; fileRef = C0264EA21F7C1AE600FD1E87 /* Main.storyboard */; };
		C0264EA61F7C1AE700FD1E87 /* Assets.xcassets in Resources */ = {isa = PBXBuildFile; fileRef = C0264EA51F7C1AE700FD1E87 /* Assets.xcassets */; };
		C0264EA91F7C1AE700FD1E87 /* LaunchScreen.storyboard in Resources */ = {isa = PBXBuildFile; fileRef = C0264EA71F7C1AE700FD1E87 /* LaunchScreen.storyboard */; };
		C09C1B331F7C20BE006EEE35 /* rick_grimes.gif in Resources */ = {isa = PBXBuildFile; fileRef = C09C1B321F7C20BD006EEE35 /* rick_grimes.gif */; };
		C09C1B3B1F7C233D006EEE35 /* UserNotifications.framework in Frameworks */ = {isa = PBXBuildFile; fileRef = C09C1B3A1F7C233D006EEE35 /* UserNotifications.framework */; };
		C09C1B3D1F7C233D006EEE35 /* UserNotificationsUI.framework in Frameworks */ = {isa = PBXBuildFile; fileRef = C09C1B3C1F7C233D006EEE35 /* UserNotificationsUI.framework */; };
		C09C1B401F7C233D006EEE35 /* NotificationViewController.swift in Sources */ = {isa = PBXBuildFile; fileRef = C09C1B3F1F7C233D006EEE35 /* NotificationViewController.swift */; };
		C09C1B431F7C233D006EEE35 /* MainInterface.storyboard in Resources */ = {isa = PBXBuildFile; fileRef = C09C1B411F7C233D006EEE35 /* MainInterface.storyboard */; };
		C09C1B471F7C233D006EEE35 /* MyContentExtention.appex in Embed App Extensions */ = {isa = PBXBuildFile; fileRef = C09C1B381F7C233D006EEE35 /* MyContentExtention.appex */; settings = {ATTRIBUTES = (RemoveHeadersOnCopy, ); }; };
/* End PBXBuildFile section */

/* Begin PBXContainerItemProxy section */
		C09C1B451F7C233D006EEE35 /* PBXContainerItemProxy */ = {
			isa = PBXContainerItemProxy;
			containerPortal = C0264E931F7C1AE600FD1E87 /* Project object */;
			proxyType = 1;
			remoteGlobalIDString = C09C1B371F7C233D006EEE35;
			remoteInfo = MyContentExtention;
		};
/* End PBXContainerItemProxy section */

/* Begin PBXCopyFilesBuildPhase section */
		C09C1B4B1F7C233D006EEE35 /* Embed App Extensions */ = {
			isa = PBXCopyFilesBuildPhase;
			buildActionMask = 2147483647;
			dstPath = "";
			dstSubfolderSpec = 13;
			files = (
				C09C1B471F7C233D006EEE35 /* MyContentExtention.appex in Embed App Extensions */,
			);
			name = "Embed App Extensions";
			runOnlyForDeploymentPostprocessing = 0;
		};
/* End PBXCopyFilesBuildPhase section */

/* Begin PBXFileReference section */
		C0264E9B1F7C1AE600FD1E87 /* EssentialNotifier.app */ = {isa = PBXFileReference; explicitFileType = wrapper.application; includeInIndex = 0; path = EssentialNotifier.app; sourceTree = BUILT_PRODUCTS_DIR; };
		C0264E9E1F7C1AE600FD1E87 /* AppDelegate.swift */ = {isa = PBXFileReference; lastKnownFileType = sourcecode.swift; path = AppDelegate.swift; sourceTree = "<group>"; };
		C0264EA01F7C1AE600FD1E87 /* ViewController.swift */ = {isa = PBXFileReference; lastKnownFileType = sourcecode.swift; path = ViewController.swift; sourceTree = "<group>"; };
		C0264EA31F7C1AE600FD1E87 /* Base */ = {isa = PBXFileReference; lastKnownFileType = file.storyboard; name = Base; path = Base.lproj/Main.storyboard; sourceTree = "<group>"; };
		C0264EA51F7C1AE700FD1E87 /* Assets.xcassets */ = {isa = PBXFileReference; lastKnownFileType = folder.assetcatalog; path = Assets.xcassets; sourceTree = "<group>"; };
		C0264EA81F7C1AE700FD1E87 /* Base */ = {isa = PBXFileReference; lastKnownFileType = file.storyboard; name = Base; path = Base.lproj/LaunchScreen.storyboard; sourceTree = "<group>"; };
		C0264EAA1F7C1AE700FD1E87 /* Info.plist */ = {isa = PBXFileReference; lastKnownFileType = text.plist.xml; path = Info.plist; sourceTree = "<group>"; };
		C09C1B321F7C20BD006EEE35 /* rick_grimes.gif */ = {isa = PBXFileReference; lastKnownFileType = image.gif; name = rick_grimes.gif; path = "../../../../Downloads/iOS-Notifications/ios10_notifications/rick_grimes.gif"; sourceTree = "<group>"; };
		C09C1B381F7C233D006EEE35 /* MyContentExtention.appex */ = {isa = PBXFileReference; explicitFileType = "wrapper.app-extension"; includeInIndex = 0; path = MyContentExtention.appex; sourceTree = BUILT_PRODUCTS_DIR; };
		C09C1B3A1F7C233D006EEE35 /* UserNotifications.framework */ = {isa = PBXFileReference; lastKnownFileType = wrapper.framework; name = UserNotifications.framework; path = System/Library/Frameworks/UserNotifications.framework; sourceTree = SDKROOT; };
		C09C1B3C1F7C233D006EEE35 /* UserNotificationsUI.framework */ = {isa = PBXFileReference; lastKnownFileType = wrapper.framework; name = UserNotificationsUI.framework; path = System/Library/Frameworks/UserNotificationsUI.framework; sourceTree = SDKROOT; };
		C09C1B3F1F7C233D006EEE35 /* NotificationViewController.swift */ = {isa = PBXFileReference; lastKnownFileType = sourcecode.swift; path = NotificationViewController.swift; sourceTree = "<group>"; };
		C09C1B421F7C233D006EEE35 /* Base */ = {isa = PBXFileReference; lastKnownFileType = file.storyboard; name = Base; path = Base.lproj/MainInterface.storyboard; sourceTree = "<group>"; };
		C09C1B441F7C233D006EEE35 /* Info.plist */ = {isa = PBXFileReference; lastKnownFileType = text.plist.xml; path = Info.plist; sourceTree = "<group>"; };
/* End PBXFileReference section */

/* Begin PBXFrameworksBuildPhase section */
		C0264E981F7C1AE600FD1E87 /* Frameworks */ = {
			isa = PBXFrameworksBuildPhase;
			buildActionMask = 2147483647;
			files = (
			);
			runOnlyForDeploymentPostprocessing = 0;
		};
		C09C1B351F7C233D006EEE35 /* Frameworks */ = {
			isa = PBXFrameworksBuildPhase;
			buildActionMask = 2147483647;
			files = (
				C09C1B3D1F7C233D006EEE35 /* UserNotificationsUI.framework in Frameworks */,
				C09C1B3B1F7C233D006EEE35 /* UserNotifications.framework in Frameworks */,
			);
			runOnlyForDeploymentPostprocessing = 0;
		};
/* End PBXFrameworksBuildPhase section */

/* Begin PBXGroup section */
		C0264E921F7C1AE600FD1E87 = {
			isa = PBXGroup;
			children = (
				C0264E9D1F7C1AE600FD1E87 /* EssentialNotifier */,
				C09C1B3E1F7C233D006EEE35 /* MyContentExtention */,
				C09C1B391F7C233D006EEE35 /* Frameworks */,
				C0264E9C1F7C1AE600FD1E87 /* Products */,
			);
			sourceTree = "<group>";
		};
		C0264E9C1F7C1AE600FD1E87 /* Products */ = {
			isa = PBXGroup;
			children = (
				C0264E9B1F7C1AE600FD1E87 /* EssentialNotifier.app */,
				C09C1B381F7C233D006EEE35 /* MyContentExtention.appex */,
			);
			name = Products;
			sourceTree = "<group>";
		};
		C0264E9D1F7C1AE600FD1E87 /* EssentialNotifier */ = {
			isa = PBXGroup;
			children = (
				C0264E9E1F7C1AE600FD1E87 /* AppDelegate.swift */,
				C0264EA01F7C1AE600FD1E87 /* ViewController.swift */,
				C0264EA21F7C1AE600FD1E87 /* Main.storyboard */,
				C0264EA51F7C1AE700FD1E87 /* Assets.xcassets */,
				C0264EA71F7C1AE700FD1E87 /* LaunchScreen.storyboard */,
				C0264EAA1F7C1AE700FD1E87 /* Info.plist */,
				C09C1B321F7C20BD006EEE35 /* rick_grimes.gif */,
			);
			path = EssentialNotifier;
			sourceTree = "<group>";
		};
		C09C1B391F7C233D006EEE35 /* Frameworks */ = {
			isa = PBXGroup;
			children = (
				C09C1B3A1F7C233D006EEE35 /* UserNotifications.framework */,
				C09C1B3C1F7C233D006EEE35 /* UserNotificationsUI.framework */,
			);
			name = Frameworks;
			sourceTree = "<group>";
		};
		C09C1B3E1F7C233D006EEE35 /* MyContentExtention */ = {
			isa = PBXGroup;
			children = (
				C09C1B3F1F7C233D006EEE35 /* NotificationViewController.swift */,
				C09C1B411F7C233D006EEE35 /* MainInterface.storyboard */,
				C09C1B441F7C233D006EEE35 /* Info.plist */,
			);
			path = MyContentExtention;
			sourceTree = "<group>";
		};
/* End PBXGroup section */

/* Begin PBXNativeTarget section */
		C0264E9A1F7C1AE600FD1E87 /* EssentialNotifier */ = {
			isa = PBXNativeTarget;
			buildConfigurationList = C0264EAD1F7C1AE700FD1E87 /* Build configuration list for PBXNativeTarget "EssentialNotifier" */;
			buildPhases = (
				C0264E971F7C1AE600FD1E87 /* Sources */,
				C0264E981F7C1AE600FD1E87 /* Frameworks */,
				C0264E991F7C1AE600FD1E87 /* Resources */,
				C09C1B4B1F7C233D006EEE35 /* Embed App Extensions */,
			);
			buildRules = (
			);
			dependencies = (
				C09C1B461F7C233D006EEE35 /* PBXTargetDependency */,
			);
			name = EssentialNotifier;
			productName = EssentialNotifier;
			productReference = C0264E9B1F7C1AE600FD1E87 /* EssentialNotifier.app */;
			productType = "com.apple.product-type.application";
		};
		C09C1B371F7C233D006EEE35 /* MyContentExtention */ = {
			isa = PBXNativeTarget;
			buildConfigurationList = C09C1B481F7C233D006EEE35 /* Build configuration list for PBXNativeTarget "MyContentExtention" */;
			buildPhases = (
				C09C1B341F7C233D006EEE35 /* Sources */,
				C09C1B351F7C233D006EEE35 /* Frameworks */,
				C09C1B361F7C233D006EEE35 /* Resources */,
			);
			buildRules = (
			);
			dependencies = (
			);
			name = MyContentExtention;
			productName = MyContentExtention;
			productReference = C09C1B381F7C233D006EEE35 /* MyContentExtention.appex */;
			productType = "com.apple.product-type.app-extension";
		};
/* End PBXNativeTarget section */

/* Begin PBXProject section */
		C0264E931F7C1AE600FD1E87 /* Project object */ = {
			isa = PBXProject;
			attributes = {
				LastSwiftUpdateCheck = 0900;
				LastUpgradeCheck = 0900;
				ORGANIZATIONNAME = "Gabriel T";
				TargetAttributes = {
					C0264E9A1F7C1AE600FD1E87 = {
						CreatedOnToolsVersion = 9.0;
						SystemCapabilities = {
							com.apple.ApplicationGroups.iOS = {
								enabled = 0;
							};
							com.apple.Push = {
								enabled = 0;
							};
						};
					};
					C09C1B371F7C233D006EEE35 = {
						CreatedOnToolsVersion = 9.0;
					};
				};
			};
			buildConfigurationList = C0264E961F7C1AE600FD1E87 /* Build configuration list for PBXProject "EssentialNotifier" */;
			compatibilityVersion = "Xcode 8.0";
			developmentRegion = en;
			hasScannedForEncodings = 0;
			knownRegions = (
				en,
				Base,
			);
			mainGroup = C0264E921F7C1AE600FD1E87;
			productRefGroup = C0264E9C1F7C1AE600FD1E87 /* Products */;
			projectDirPath = "";
			projectRoot = "";
			targets = (
				C0264E9A1F7C1AE600FD1E87 /* EssentialNotifier */,
				C09C1B371F7C233D006EEE35 /* MyContentExtention */,
			);
		};
/* End PBXProject section */

/* Begin PBXResourcesBuildPhase section */
		C0264E991F7C1AE600FD1E87 /* Resources */ = {
			isa = PBXResourcesBuildPhase;
			buildActionMask = 2147483647;
			files = (
				C0264EA91F7C1AE700FD1E87 /* LaunchScreen.storyboard in Resources */,
				C0264EA61F7C1AE700FD1E87 /* Assets.xcassets in Resources */,
				C09C1B331F7C20BE006EEE35 /* rick_grimes.gif in Resources */,
				C0264EA41F7C1AE600FD1E87 /* Main.storyboard in Resources */,
			);
			runOnlyForDeploymentPostprocessing = 0;
		};
		C09C1B361F7C233D006EEE35 /* Resources */ = {
			isa = PBXResourcesBuildPhase;
			buildActionMask = 2147483647;
			files = (
				C09C1B431F7C233D006EEE35 /* MainInterface.storyboard in Resources */,
			);
			runOnlyForDeploymentPostprocessing = 0;
		};
/* End PBXResourcesBuildPhase section */

/* Begin PBXSourcesBuildPhase section */
		C0264E971F7C1AE600FD1E87 /* Sources */ = {
			isa = PBXSourcesBuildPhase;
			buildActionMask = 2147483647;
			files = (
				C0264EA11F7C1AE600FD1E87 /* ViewController.swift in Sources */,
				C0264E9F1F7C1AE600FD1E87 /* AppDelegate.swift in Sources */,
			);
			runOnlyForDeploymentPostprocessing = 0;
		};
		C09C1B341F7C233D006EEE35 /* Sources */ = {
			isa = PBXSourcesBuildPhase;
			buildActionMask = 2147483647;
			files = (
				C09C1B401F7C233D006EEE35 /* NotificationViewController.swift in Sources */,
			);
			runOnlyForDeploymentPostprocessing = 0;
		};
/* End PBXSourcesBuildPhase section */

/* Begin PBXTargetDependency section */
		C09C1B461F7C233D006EEE35 /* PBXTargetDependency */ = {
			isa = PBXTargetDependency;
			target = C09C1B371F7C233D006EEE35 /* MyContentExtention */;
			targetProxy = C09C1B451F7C233D006EEE35 /* PBXContainerItemProxy */;
		};
/* End PBXTargetDependency section */

/* Begin PBXVariantGroup section */
		C0264EA21F7C1AE600FD1E87 /* Main.storyboard */ = {
			isa = PBXVariantGroup;
			children = (
				C0264EA31F7C1AE600FD1E87 /* Base */,
			);
			name = Main.storyboard;
			sourceTree = "<group>";
		};
		C0264EA71F7C1AE700FD1E87 /* LaunchScreen.storyboard */ = {
			isa = PBXVariantGroup;
			children = (
				C0264EA81F7C1AE700FD1E87 /* Base */,
			);
			name = LaunchScreen.storyboard;
			sourceTree = "<group>";
		};
		C09C1B411F7C233D006EEE35 /* MainInterface.storyboard */ = {
			isa = PBXVariantGroup;
			children = (
				C09C1B421F7C233D006EEE35 /* Base */,
			);
			name = MainInterface.storyboard;
			sourceTree = "<group>";
		};
/* End PBXVariantGroup section */

/* Begin XCBuildConfiguration section */
		C0264EAB1F7C1AE700FD1E87 /* Debug */ = {
			isa = XCBuildConfiguration;
			buildSettings = {
				ALWAYS_SEARCH_USER_PATHS = NO;
				CLANG_ANALYZER_NONNULL = YES;
				CLANG_ANALYZER_NUMBER_OBJECT_CONVERSION = YES_AGGRESSIVE;
				CLANG_CXX_LANGUAGE_STANDARD = "gnu++14";
				CLANG_CXX_LIBRARY = "libc++";
				CLANG_ENABLE_MODULES = YES;
				CLANG_ENABLE_OBJC_ARC = YES;
				CLANG_WARN_BLOCK_CAPTURE_AUTORELEASING = YES;
				CLANG_WARN_BOOL_CONVERSION = YES;
				CLANG_WARN_COMMA = YES;
				CLANG_WARN_CONSTANT_CONVERSION = YES;
				CLANG_WARN_DIRECT_OBJC_ISA_USAGE = YES_ERROR;
				CLANG_WARN_DOCUMENTATION_COMMENTS = YES;
				CLANG_WARN_EMPTY_BODY = YES;
				CLANG_WARN_ENUM_CONVERSION = YES;
				CLANG_WARN_INFINITE_RECURSION = YES;
				CLANG_WARN_INT_CONVERSION = YES;
				CLANG_WARN_OBJC_ROOT_CLASS = YES_ERROR;
				CLANG_WARN_RANGE_LOOP_ANALYSIS = YES;
				CLANG_WARN_STRICT_PROTOTYPES = YES;
				CLANG_WARN_SUSPICIOUS_MOVE = YES;
				CLANG_WARN_UNGUARDED_AVAILABILITY = YES_AGGRESSIVE;
				CLANG_WARN_UNREACHABLE_CODE = YES;
				CLANG_WARN__DUPLICATE_METHOD_MATCH = YES;
				CODE_SIGN_IDENTITY = "iPhone Developer";
				COPY_PHASE_STRIP = NO;
				DEBUG_INFORMATION_FORMAT = dwarf;
				ENABLE_STRICT_OBJC_MSGSEND = YES;
				ENABLE_TESTABILITY = YES;
				GCC_C_LANGUAGE_STANDARD = gnu11;
				GCC_DYNAMIC_NO_PIC = NO;
				GCC_NO_COMMON_BLOCKS = YES;
				GCC_OPTIMIZATION_LEVEL = 0;
				GCC_PREPROCESSOR_DEFINITIONS = (
					"DEBUG=1",
					"$(inherited)",
				);
				GCC_WARN_64_TO_32_BIT_CONVERSION = YES;
				GCC_WARN_ABOUT_RETURN_TYPE = YES_ERROR;
				GCC_WARN_UNDECLARED_SELECTOR = YES;
				GCC_WARN_UNINITIALIZED_AUTOS = YES_AGGRESSIVE;
				GCC_WARN_UNUSED_FUNCTION = YES;
				GCC_WARN_UNUSED_VARIABLE = YES;
				IPHONEOS_DEPLOYMENT_TARGET = 11.0;
				MTL_ENABLE_DEBUG_INFO = YES;
				ONLY_ACTIVE_ARCH = YES;
				SDKROOT = iphoneos;
				SWIFT_ACTIVE_COMPILATION_CONDITIONS = DEBUG;
				SWIFT_OPTIMIZATION_LEVEL = "-Onone";
			};
			name = Debug;
		};
		C0264EAC1F7C1AE700FD1E87 /* Release */ = {
			isa = XCBuildConfiguration;
			buildSettings = {
				ALWAYS_SEARCH_USER_PATHS = NO;
				CLANG_ANALYZER_NONNULL = YES;
				CLANG_ANALYZER_NUMBER_OBJECT_CONVERSION = YES_AGGRESSIVE;
				CLANG_CXX_LANGUAGE_STANDARD = "gnu++14";
				CLANG_CXX_LIBRARY = "libc++";
				CLANG_ENABLE_MODULES = YES;
				CLANG_ENABLE_OBJC_ARC = YES;
				CLANG_WARN_BLOCK_CAPTURE_AUTORELEASING = YES;
				CLANG_WARN_BOOL_CONVERSION = YES;
				CLANG_WARN_COMMA = YES;
				CLANG_WARN_CONSTANT_CONVERSION = YES;
				CLANG_WARN_DIRECT_OBJC_ISA_USAGE = YES_ERROR;
				CLANG_WARN_DOCUMENTATION_COMMENTS = YES;
				CLANG_WARN_EMPTY_BODY = YES;
				CLANG_WARN_ENUM_CONVERSION = YES;
				CLANG_WARN_INFINITE_RECURSION = YES;
				CLANG_WARN_INT_CONVERSION = YES;
				CLANG_WARN_OBJC_ROOT_CLASS = YES_ERROR;
				CLANG_WARN_RANGE_LOOP_ANALYSIS = YES;
				CLANG_WARN_STRICT_PROTOTYPES = YES;
				CLANG_WARN_SUSPICIOUS_MOVE = YES;
				CLANG_WARN_UNGUARDED_AVAILABILITY = YES_AGGRESSIVE;
				CLANG_WARN_UNREACHABLE_CODE = YES;
				CLANG_WARN__DUPLICATE_METHOD_MATCH = YES;
				CODE_SIGN_IDENTITY = "iPhone Developer";
				COPY_PHASE_STRIP = NO;
				DEBUG_INFORMATION_FORMAT = "dwarf-with-dsym";
				ENABLE_NS_ASSERTIONS = NO;
				ENABLE_STRICT_OBJC_MSGSEND = YES;
				GCC_C_LANGUAGE_STANDARD = gnu11;
				GCC_NO_COMMON_BLOCKS = YES;
				GCC_WARN_64_TO_32_BIT_CONVERSION = YES;
				GCC_WARN_ABOUT_RETURN_TYPE = YES_ERROR;
				GCC_WARN_UNDECLARED_SELECTOR = YES;
				GCC_WARN_UNINITIALIZED_AUTOS = YES_AGGRESSIVE;
				GCC_WARN_UNUSED_FUNCTION = YES;
				GCC_WARN_UNUSED_VARIABLE = YES;
				IPHONEOS_DEPLOYMENT_TARGET = 11.0;
				MTL_ENABLE_DEBUG_INFO = NO;
				SDKROOT = iphoneos;
				SWIFT_OPTIMIZATION_LEVEL = "-Owholemodule";
				VALIDATE_PRODUCT = YES;
			};
			name = Release;
		};
		C0264EAE1F7C1AE700FD1E87 /* Debug */ = {
			isa = XCBuildConfiguration;
			buildSettings = {
				ALWAYS_EMBED_SWIFT_STANDARD_LIBRARIES = YES;
				ASSETCATALOG_COMPILER_APPICON_NAME = AppIcon;
				DEVELOPMENT_TEAM = 9PK4D77ZHK;
				INFOPLIST_FILE = EssentialNotifier/Info.plist;
				LD_RUNPATH_SEARCH_PATHS = "$(inherited) @executable_path/Frameworks";
				PRODUCT_BUNDLE_IDENTIFIER = com.essentialtech.EssentialNotifier;
				PRODUCT_NAME = "$(TARGET_NAME)";
				SWIFT_VERSION = 3.0;
				TARGETED_DEVICE_FAMILY = "1,2";
			};
			name = Debug;
		};
		C0264EAF1F7C1AE700FD1E87 /* Release */ = {
			isa = XCBuildConfiguration;
			buildSettings = {
				ALWAYS_EMBED_SWIFT_STANDARD_LIBRARIES = YES;
				ASSETCATALOG_COMPILER_APPICON_NAME = AppIcon;
				DEVELOPMENT_TEAM = 9PK4D77ZHK;
				INFOPLIST_FILE = EssentialNotifier/Info.plist;
				LD_RUNPATH_SEARCH_PATHS = "$(inherited) @executable_path/Frameworks";
				PRODUCT_BUNDLE_IDENTIFIER = com.essentialtech.EssentialNotifier;
				PRODUCT_NAME = "$(TARGET_NAME)";
				SWIFT_VERSION = 3.0;
				TARGETED_DEVICE_FAMILY = "1,2";
			};
			name = Release;
		};
		C09C1B491F7C233D006EEE35 /* Debug */ = {
			isa = XCBuildConfiguration;
			buildSettings = {
				DEVELOPMENT_TEAM = 9PK4D77ZHK;
				INFOPLIST_FILE = MyContentExtention/Info.plist;
				LD_RUNPATH_SEARCH_PATHS = "$(inherited) @executable_path/Frameworks @executable_path/../../Frameworks";
				PRODUCT_BUNDLE_IDENTIFIER = com.essentialtech.EssentialNotifier.MyContentExtention;
				PRODUCT_NAME = "$(TARGET_NAME)";
				SKIP_INSTALL = YES;
				SWIFT_VERSION = 4.0;
				TARGETED_DEVICE_FAMILY = "1,2";
			};
			name = Debug;
		};
		C09C1B4A1F7C233D006EEE35 /* Release */ = {
			isa = XCBuildConfiguration;
			buildSettings = {
				DEVELOPMENT_TEAM = 9PK4D77ZHK;
				INFOPLIST_FILE = MyContentExtention/Info.plist;
				LD_RUNPATH_SEARCH_PATHS = "$(inherited) @executable_path/Frameworks @executable_path/../../Frameworks";
				PRODUCT_BUNDLE_IDENTIFIER = com.essentialtech.EssentialNotifier.MyContentExtention;
				PRODUCT_NAME = "$(TARGET_NAME)";
				SKIP_INSTALL = YES;
				SWIFT_VERSION = 4.0;
				TARGETED_DEVICE_FAMILY = "1,2";
			};
			name = Release;
		};
/* End XCBuildConfiguration section */

/* Begin XCConfigurationList section */
		C0264E961F7C1AE600FD1E87 /* Build configuration list for PBXProject "EssentialNotifier" */ = {
			isa = XCConfigurationList;
			buildConfigurations = (
				C0264EAB1F7C1AE700FD1E87 /* Debug */,
				C0264EAC1F7C1AE700FD1E87 /* Release */,
			);
			defaultConfigurationIsVisible = 0;
			defaultConfigurationName = Release;
		};
		C0264EAD1F7C1AE700FD1E87 /* Build configuration list for PBXNativeTarget "EssentialNotifier" */ = {
			isa = XCConfigurationList;
			buildConfigurations = (
				C0264EAE1F7C1AE700FD1E87 /* Debug */,
				C0264EAF1F7C1AE700FD1E87 /* Release */,
			);
			defaultConfigurationIsVisible = 0;
			defaultConfigurationName = Release;
		};
		C09C1B481F7C233D006EEE35 /* Build configuration list for PBXNativeTarget "MyContentExtention" */ = {
			isa = XCConfigurationList;
			buildConfigurations = (
				C09C1B491F7C233D006EEE35 /* Debug */,
				C09C1B4A1F7C233D006EEE35 /* Release */,
			);
			defaultConfigurationIsVisible = 0;
		};
/* End XCConfigurationList section */
	};
	rootObject = C0264E931F7C1AE600FD1E87 /* Project object */;
}
